
Microsoft Visual Studio Solution File, Format Version 12.00
# Visual Studio Version 16
VisualStudioVersion = 16.0.29728.190
MinimumVisualStudioVersion = 10.0.40219.1
Project("{FAE04EC0-301F-11D3-BF4B-00C04F79EFBC}") = "TestingTCs", "TestingTCs.csproj", "{154D5BB8-17C1-49CE-82E7-B41FC95908DB}"
EndProject
Global
	GlobalSection(SolutionConfigurationPlatforms) = preSolution
		Debug|Any CPU = Debug|Any CPU
		Release|Any CPU = Release|Any CPU
	EndGlobalSection
	GlobalSection(ProjectConfigurationPlatforms) = postSolution
		{154D5BB8-17C1-49CE-82E7-B41FC95908DB}.Debug|Any CPU.ActiveCfg = Debug|Any CPU
		{154D5BB8-17C1-49CE-82E7-B41FC95908DB}.Debug|Any CPU.Build.0 = Debug|Any CPU
		{154D5BB8-17C1-49CE-82E7-B41FC95908DB}.Release|Any CPU.ActiveCfg = Release|Any CPU
		{154D5BB8-17C1-49CE-82E7-B41FC95908DB}.Release|Any CPU.Build.0 = Release|Any CPU
	EndGlobalSection
	GlobalSection(SolutionProperties) = preSolution
		HideSolutionNode = FALSE
	EndGlobalSection
	GlobalSection(ExtensibilityGlobals) = postSolution
		SolutionGuid = {B2EA4761-1CF9-4A7C-A5AB-DCAAA8F11BF2}
	EndGlobalSection
EndGlobal
